github.com/wowchemy/wowchemy-hugo-modules/wowchemy v0.0.0-20201118204302-97606bf9c67c h1:iUzaImjkay6AdAfTakkV30vwGoz3HlAutnt/zI6y1g0=
github.com/wowchemy/wowchemy-hugo-modules/wowchemy v0.0.0-20201118204302-97606bf9c67c/go.mod h1:H22qfH9qj3FWwsk7+bAZpmT24yRGNQURah2/IRwjbn8=
github.com/wowchemy/wowchemy-hugo-modules/wowchemy v0.0.0-20201119114512-fe49f96267df h1:2hED6LH0WbWUHeV2n5kDpwtWeEvccG3wZgNFnbOcQbE=
github.com/wowchemy/wowchemy-hugo-modules/wowchemy v0.0.0-20201119114512-fe49f96267df/go.mod h1:H22qfH9qj3FWwsk7+bAZpmT24yRGNQURah2/IRwjbn8=
github.com/wowchemy/wowchemy-hugo-modules/wowchemy v0.0.0-20201119202204-4dc8eff07409 h1:j1iwPqOAZ+T5TMGAo8Xvb63EYWeDdflddrGZgQMkLP0=
github.com/wowchemy/wowchemy-hugo-modules/wowchemy v0.0.0-20201119202204-4dc8eff07409/go.mod h1:H22qfH9qj3FWwsk7+bAZpmT24yRGNQURah2/IRwjbn8=
github.com/wowchemy/wowchemy-hugo-modules/wowchemy v0.0.0-20201120231609-58c7dd7a0a2b h1:v+ncIaTfmw3Cw7YZPhfS9VRnhb5Fl4ckQP2EIbxxx9E=
github.com/wowchemy/wowchemy-hugo-modules/wowchemy v0.0.0-20201120231609-58c7dd7a0a2b/go.mod h1:H22qfH9qj3FWwsk7+bAZpmT24yRGNQURah2/IRwjbn8=
github.com/wowchemy/wowchemy-hugo-modules/wowchemy v0.0.0-20201121225118-1370a7faa1b2 h1:MuSmzDdBPXesmnseB6T4vssREEJFO66oe0GkziOCqSo=
github.com/wowchemy/wowchemy-hugo-modules/wowchemy v0.0.0-20201121225118-1370a7faa1b2/go.mod h1:H22qfH9qj3FWwsk7+bAZpmT24yRGNQURah2/IRwjbn8=
github.com/wowchemy/wowchemy-hugo-modules/wowchemy v0.0.0-20201123232232-8c20b503616f h1:rP/YYlO9ED4lQHGhpBqggmAczFIrk6gkvj4CFhk8VP4=
github.com/wowchemy/wowchemy-hugo-modules/wowchemy v0.0.0-20201123232232-8c20b503616f/go.mod h1:H22qfH9qj3FWwsk7+bAZpmT24yRGNQURah2/IRwjbn8=
github.com/wowchemy/wowchemy-hugo-modules/wowchemy v0.0.0-20201125230219-3a03b728de8f h1:b+69+FlBDnH98FutGkAIECGIcZabIn22X9EuQBiyOeg=
github.com/wowchemy/wowchemy-hugo-modules/wowchemy v0.0.0-20201125230219-3a03b728de8f/go.mod h1:H22qfH9qj3FWwsk7+bAZpmT24yRGNQURah2/IRwjbn8=
github.com/wowchemy/wowchemy-hugo-modules/wowchemy v0.0.0-20201129124759-cdcfa2da28e2 h1:gGFh4JB+4FzJEcj9rfQ6pkL+Ql4kQ+DxGcnKJYHKdrM=
github.com/wowchemy/wowchemy-hugo-modules/wowchemy v0.0.0-20201129124759-cdcfa2da28e2/go.mod h1:H22qfH9qj3FWwsk7+bAZpmT24yRGNQURah2/IRwjbn8=
github.com/wowchemy/wowchemy-hugo-modules/wowchemy v0.0.0-20201204174723-5fa9412f9e76 h1:3vnocWPhhHgIKoXmFjO16GIn0t7uM/Uc17nLRXDFKVI=
github.com/wowchemy/wowchemy-hugo-modules/wowchemy v0.0.0-20201204174723-5fa9412f9e76/go.mod h1:H22qfH9qj3FWwsk7+bAZpmT24yRGNQURah2/IRwjbn8=
github.com/wowchemy/wowchemy-hugo-modules/wowchemy v0.0.0-20201205224343-d70da8919962 h1:b4u7+a+hwKc59N8h3XEIKIZ7xorf1mIboZwxYsfBvKI=
github.com/wowchemy/wowchemy-hugo-modules/wowchemy v0.0.0-20201205224343-d70da8919962/go.mod h1:H22qfH9qj3FWwsk7+bAZpmT24yRGNQURah2/IRwjbn8=
github.com/wowchemy/wowchemy-hugo-modules/wowchemy v0.0.0-20201216152842-69856326c6b7 h1:3bKBC07vhtZFxrHRNYVsEnG0GWOS/lHxNZJ5j7g8QDA=
github.com/wowchemy/wowchemy-hugo-modules/wowchemy v0.0.0-20201216152842-69856326c6b7/go.mod h1:H22qfH9qj3FWwsk7+bAZpmT24yRGNQURah2/IRwjbn8=
github.com/wowchemy/wowchemy-hugo-modules/wowchemy v0.0.0-20201219153248-769d5f0ad194 h1:DtZZjwDgtjWUYHn11hC5jE6ysgBGRTAQX/c00T9c55Q=
github.com/wowchemy/wowchemy-hugo-modules/wowchemy v0.0.0-20201219153248-769d5f0ad194/go.mod h1:H22qfH9qj3FWwsk7+bAZpmT24yRGNQURah2/IRwjbn8=
github.com/wowchemy/wowchemy-hugo-modules/wowchemy v0.0.0-20201221010035-817e89f73b07 h1:pIN+v0tgSIhWDpP21dqr6RYGUv8nteY9QgYDC20Ln3Y=
github.com/wowchemy/wowchemy-hugo-modules/wowchemy v0.0.0-20201221010035-817e89f73b07/go.mod h1:H22qfH9qj3FWwsk7+bAZpmT24yRGNQURah2/IRwjbn8=
github.com/wowchemy/wowchemy-hugo-modules/wowchemy v0.0.0-20201224144527-9cce661db8d7 h1:pM9Tu7n9bipuVddgpfR7X3CCzvjKV6uhzCtZ7khg3pU=
github.com/wowchemy/wowchemy-hugo-modules/wowchemy v0.0.0-20201224144527-9cce661db8d7/go.mod h1:H22qfH9qj3FWwsk7+bAZpmT24yRGNQURah2/IRwjbn8=
github.com/wowchemy/wowchemy-hugo-modules/wowchemy v0.0.0-20210102005808-f40841ce36e6 h1:qts9SSnysONB+7UOdo/Nv8mhO+7GoLuxh6mN4d8iHOU=
github.com/wowchemy/wowchemy-hugo-modules/wowchemy v0.0.0-20210102005808-f40841ce36e6/go.mod h1:H22qfH9qj3FWwsk7+bAZpmT24yRGNQURah2/IRwjbn8=
github.com/wowchemy/wowchemy-hugo-modules/wowchemy v0.0.0-20210107154449-09b3dca34153 h1:p+gdTe1VfOtmb3AD1hbGbl5QXgumOdL7K1lV54aMX3o=
github.com/wowchemy/wowchemy-hugo-modules/wowchemy v0.0.0-20210107154449-09b3dca34153/go.mod h1:H22qfH9qj3FWwsk7+bAZpmT24yRGNQURah2/IRwjbn8=
github.com/wowchemy/wowchemy-hugo-modules/wowchemy v0.0.0-20210109205942-468d32737073 h1:2frYav9uFWhF9aa+KUcrKtVC5p0e+9mF1Nzw4+Tp8Q4=
github.com/wowchemy/wowchemy-hugo-modules/wowchemy v0.0.0-20210109205942-468d32737073/go.mod h1:H22qfH9qj3FWwsk7+bAZpmT24yRGNQURah2/IRwjbn8=
github.com/wowchemy/wowchemy-hugo-modules/wowchemy v0.0.0-20210111205349-9872428a3f61 h1:MpJMFcEdJLeoNr6b2d46DeWbNToXp0o3/2f7PCPGgYI=
github.com/wowchemy/wowchemy-hugo-modules/wowchemy v0.0.0-20210111205349-9872428a3f61/go.mod h1:H22qfH9qj3FWwsk7+bAZpmT24yRGNQURah2/IRwjbn8=
github.com/wowchemy/wowchemy-hugo-modules/wowchemy v0.0.0-20210114210141-273405e59be6 h1:O1l0Iv9GlvyHfKDc9FivBJO4aDXaTS5hKesa2Zoo+hY=
github.com/wowchemy/wowchemy-hugo-modules/wowchemy v0.0.0-20210114210141-273405e59be6/go.mod h1:H22qfH9qj3FWwsk7+bAZpmT24yRGNQURah2/IRwjbn8=
github.com/wowchemy/wowchemy-hugo-modules/wowchemy v0.0.0-20210116234944-9f5c626c8f9f h1:KrTCYnakV17GchUUgPZVAo6bLjy68WJTynSg87H6xpk=
github.com/wowchemy/wowchemy-hugo-modules/wowchemy v0.0.0-20210116234944-9f5c626c8f9f/go.mod h1:H22qfH9qj3FWwsk7+bAZpmT24yRGNQURah2/IRwjbn8=
github.com/wowchemy/wowchemy-hugo-modules/wowchemy v0.0.0-20210120025205-e0ae7c979cda h1:DjweNGYmNRnVhG48yarIZQiYvLKub1s7K3mwSaSZXQs=
github.com/wowchemy/wowchemy-hugo-modules/wowchemy v0.0.0-20210120025205-e0ae7c979cda/go.mod h1:H22qfH9qj3FWwsk7+bAZpmT24yRGNQURah2/IRwjbn8=
github.com/wowchemy/wowchemy-hugo-modules/wowchemy v0.0.0-20210123024952-69b7e22be893 h1:Ye/RJa/9tjcFOORWInNwp84H8J7LC/c1n28C3ofT81A=
github.com/wowchemy/wowchemy-hugo-modules/wowchemy v0.0.0-20210123024952-69b7e22be893/go.mod h1:H22qfH9qj3FWwsk7+bAZpmT24yRGNQURah2/IRwjbn8=
github.com/wowchemy/wowchemy-hugo-modules/wowchemy v0.0.0-20210201131602-995d2181a052 h1:BFhSN0ZCoPdKxAcv8BVUNQC7jhbb4ejlXD0X087S/k4=
github.com/wowchemy/wowchemy-hugo-modules/wowchemy v0.0.0-20210201131602-995d2181a052/go.mod h1:H22qfH9qj3FWwsk7+bAZpmT24yRGNQURah2/IRwjbn8=
github.com/wowchemy/wowchemy-hugo-modules/wowchemy v0.0.0-20210205224825-50d3d41e9e1a h1:BxOQUKnIoXDmsexnifhDJlw/xnCxojOYt2vpv2u9IfA=
github.com/wowchemy/wowchemy-hugo-modules/wowchemy v0.0.0-20210205224825-50d3d41e9e1a/go.mod h1:H22qfH9qj3FWwsk7+bAZpmT24yRGNQURah2/IRwjbn8=
github.com/wowchemy/wowchemy-hugo-modules/wowchemy v0.0.0-20210211185922-b811f9a1bb9c h1:rcd9H2OHyw3xiu2H140g22AUvYZPBfvynAyTfubpvg4=
github.com/wowchemy/wowchemy-hugo-modules/wowchemy v0.0.0-20210211185922-b811f9a1bb9c/go.mod h1:H22qfH9qj3FWwsk7+bAZpmT24yRGNQURah2/IRwjbn8=
github.com/wowchemy/wowchemy-hugo-modules/wowchemy v0.0.0-20210215224117-3cf9f6cdeef0 h1:CKKB4/INf2y6opG3Xgw5kIz2Hkp0yf3gZfGj/wA5yPY=
github.com/wowchemy/wowchemy-hugo-modules/wowchemy v0.0.0-20210215224117-3cf9f6cdeef0/go.mod h1:H22qfH9qj3FWwsk7+bAZpmT24yRGNQURah2/IRwjbn8=
github.com/wowchemy/wowchemy-hugo-modules/wowchemy v0.0.0-20210222223615-40e01c083e6f h1:uAARNx5j+2uYtpmN5yM4ojImstcvV0HUqjJ9nCVn2c0=
github.com/wowchemy/wowchemy-hugo-modules/wowchemy v0.0.0-20210222223615-40e01c083e6f/go.mod h1:H22qfH9qj3FWwsk7+bAZpmT24yRGNQURah2/IRwjbn8=
github.com/wowchemy/wowchemy-hugo-modules/wowchemy v0.0.0-20210225181421-6b9fdd9482f6 h1:KD+9MHjPlYYeDOx+NtPOPH2D2NpHchk8gyH7H3U6CX4=
github.com/wowchemy/wowchemy-hugo-modules/wowchemy v0.0.0-20210225181421-6b9fdd9482f6/go.mod h1:H22qfH9qj3FWwsk7+bAZpmT24yRGNQURah2/IRwjbn8=
github.com/wowchemy/wowchemy-hugo-modules/wowchemy v0.0.0-20210226001249-33e92dc8cb16 h1:usYbe2pG2QgF7EXjX2Anw/kY/1Yrez6upgvlvaAcqwc=
github.com/wowchemy/wowchemy-hugo-modules/wowchemy v0.0.0-20210226001249-33e92dc8cb16/go.mod h1:H22qfH9qj3FWwsk7+bAZpmT24yRGNQURah2/IRwjbn8=
github.com/wowchemy/wowchemy-hugo-modules/wowchemy v0.0.0-20210226164504-3952bfc85cee h1:fzgNvnmzCL2gjkMPme48DVakKsRw/iWKJIRgXyYI/bg=
github.com/wowchemy/wowchemy-hugo-modules/wowchemy v0.0.0-20210226164504-3952bfc85cee/go.mod h1:H22qfH9qj3FWwsk7+bAZpmT24yRGNQURah2/IRwjbn8=
github.com/wowchemy/wowchemy-hugo-modules/wowchemy v0.0.0-20210303132107-1dfeec02ce3c h1:+8m0tDMOKuaxz2uJIqtZ0aPrqbku8v0W10WkjUqE0Sc=
github.com/wowchemy/wowchemy-hugo-modules/wowchemy v0.0.0-20210303132107-1dfeec02ce3c/go.mod h1:H22qfH9qj3FWwsk7+bAZpmT24yRGNQURah2/IRwjbn8=
github.com/wowchemy/wowchemy-hugo-modules/wowchemy v0.0.0-20210304190051-d70e23ef558a h1:ABfBmU9MhMJSN8nCYlKs1W7W8TpfGyXDACoVDtHxnr0=
github.com/wowchemy/wowchemy-hugo-modules/wowchemy v0.0.0-20210304190051-d70e23ef558a/go.mod h1:H22qfH9qj3FWwsk7+bAZpmT24yRGNQURah2/IRwjbn8=
github.com/wowchemy/wowchemy-hugo-modules/wowchemy v0.0.0-20210305185508-fc38e809527d h1:6ZgMJ9M8G/2a/EuifKtwWGkMBMMxVbbYCgmDrp5IxUU=
github.com/wowchemy/wowchemy-hugo-modules/wowchemy v0.0.0-20210305185508-fc38e809527d/go.mod h1:H22qfH9qj3FWwsk7+bAZpmT24yRGNQURah2/IRwjbn8=
github.com/wowchemy/wowchemy-hugo-modules/wowchemy v0.0.0-20210306144428-142c7c1d5d34 h1:1JDXYNo0Yhj8SIyHepaPLd3Vds7wmqPoNpGbOn5YMms=
github.com/wowchemy/wowchemy-hugo-modules/wowchemy v0.0.0-20210306144428-142c7c1d5d34/go.mod h1:H22qfH9qj3FWwsk7+bAZpmT24yRGNQURah2/IRwjbn8=
github.com/wowchemy/wowchemy-hugo-modules/wowchemy v0.0.0-20210306223413-f9505c280342 h1:d1OiSu98DS2pQfIYUJJdwO75eeSeNC86jitVPkOKdAU=
github.com/wowchemy/wowchemy-hugo-modules/wowchemy v0.0.0-20210306223413-f9505c280342/go.mod h1:H22qfH9qj3FWwsk7+bAZpmT24yRGNQURah2/IRwjbn8=
github.com/wowchemy/wowchemy-hugo-modules/wowchemy v0.0.0-20210308212518-cf32fde82412 h1:b+jVPvLDCUVMVpoY+cXmpPrQEsms/6rej/8xQfVHPV0=
github.com/wowchemy/wowchemy-hugo-modules/wowchemy v0.0.0-20210308212518-cf32fde82412/go.mod h1:H22qfH9qj3FWwsk7+bAZpmT24yRGNQURah2/IRwjbn8=
github.com/wowchemy/wowchemy-hugo-modules/wowchemy v0.0.0-20210318232615-0eae617819ce h1:632xHoGrABAqM8ckUF18sNWLiDeZWeL1ZhzhgzFUzIs=
github.com/wowchemy/wowchemy-hugo-modules/wowchemy v0.0.0-20210318232615-0eae617819ce/go.mod h1:H22qfH9qj3FWwsk7+bAZpmT24yRGNQURah2/IRwjbn8=
github.com/wowchemy/wowchemy-hugo-modules/wowchemy v0.0.0-20210322004751-17505c4581cd h1:2yqS9DTTbmVN1TP07kSgpYSDampY5FiiEnxbq/fp7+o=
github.com/wowchemy/wowchemy-hugo-modules/wowchemy v0.0.0-20210322004751-17505c4581cd/go.mod h1:H22qfH9qj3FWwsk7+bAZpmT24yRGNQURah2/IRwjbn8=
