{
    "_meta": {
        "hash": {
            "sha256": "866c0f450ec6aa43255f5905a2db150d25c9089060fbc5826a1970e8f33e524f"
        },
        "pipfile-spec": 6,
        "requires": {
            "python_version": "3.12"
        },
        "sources": [
            {
                "name": "pypi",
                "url": "https://pypi.org/simple",
                "verify_ssl": true
            }
        ]
    },
    "default": {
        "academic": {
            "hashes": [
                "sha256:16c2a3a774018b5af64f445f17c6d4851f1c9a9b0cac8e32fd9dbc74c81253c5",
                "sha256:28e459cf8fe261d870f8663f33fb8d90263cece7967d70c5db55ebbde07d59ba"
            ],
            "index": "pypi",
            "markers": "python_full_version >= '3.11.5'",
            "version": "==0.11.2"
        },
        "attrs": {
            "hashes": [
                "sha256:935dc3b529c262f6cf76e50877d35a4bd3c1de194fd41f47a2b7ae8f19971f30",
                "sha256:99b87a485a5820b23b879f04c2305b44b951b502fd64be915879d77a7e8fc6f1"
            ],
            "markers": "python_version >= '3.7'",
            "version": "==23.2.0"
        },
        "beautifulsoup4": {
            "hashes": [
                "sha256:74e3d1928edc070d21748185c46e3fb33490f22f52a3addee9aee0f4f7781051",
                "sha256:b80878c9f40111313e55da8ba20bdba06d8fa3969fc68304167741bbf9e082ed"
            ],
            "markers": "python_full_version >= '3.6.0'",
            "version": "==4.12.3"
        },
        "bibtexparser": {
            "hashes": [
                "sha256:e00e29e24676c4808e0b4333b37bb55cca9cbb7871a56f63058509281588d789"
            ],
            "version": "==1.4.1"
        },
        "bleach": {
            "hashes": [
                "sha256:0a31f1837963c41d46bbf1331b8778e1308ea0791db03cc4e7357b97cf42a8fe",
                "sha256:3225f354cfc436b9789c66c4ee030194bee0568fbf9cbdad3bc8b5c26c5f12b6"
            ],
            "markers": "python_version >= '3.8'",
            "version": "==6.1.0"
        },
        "defusedxml": {
            "hashes": [
                "sha256:1bb3032db185915b62d7c6209c5a8792be6a32ab2fedacc84e01b52c51aa3e69",
                "sha256:a352e7e428770286cc899e2542b6cdaedb2b4953ff269a210103ec58f6198a61"
            ],
            "markers": "python_version >= '2.7' and python_version not in '3.0, 3.1, 3.2, 3.3, 3.4'",
            "version": "==0.7.1"
        },
        "fastjsonschema": {
            "hashes": [
                "sha256:3672b47bc94178c9f23dbb654bf47440155d4db9df5f7bc47643315f9c405cd0",
                "sha256:e3126a94bdc4623d3de4485f8d468a12f02a67921315ddc87836d6e456dc789d"
            ],
            "version": "==2.19.1"
        },
        "jinja2": {
            "hashes": [
                "sha256:4a3aee7acbbe7303aede8e9648d13b8bf88a429282aa6122a993f0ac800cb369",
                "sha256:bc5dd2abb727a5319567b7a813e6a2e7318c39f4f487cfe6c89c6f9c7d25197d"
            ],
            "markers": "python_version >= '3.7'",
            "version": "==3.1.4"
        },
        "jsonschema": {
            "hashes": [
                "sha256:5b22d434a45935119af990552c862e5d6d564e8f6601206b305a61fdf661a2b7",
                "sha256:ff4cfd6b1367a40e7bc6411caec72effadd3db0bbe5017de188f2d6108335802"
            ],
            "markers": "python_version >= '3.8'",
            "version": "==4.22.0"
        },
        "jsonschema-specifications": {
            "hashes": [
                "sha256:48a76787b3e70f5ed53f1160d2b81f586e4ca6d1548c5de7085d1682674764cc",
                "sha256:87e4fdf3a94858b8a2ba2778d9ba57d8a9cafca7c7489c46ba0d30a8bc6a9c3c"
            ],
            "markers": "python_version >= '3.8'",
            "version": "==2023.12.1"
        },
        "jupyter-client": {
            "hashes": [
                "sha256:3b7bd22f058434e3b9a7ea4b1500ed47de2713872288c0d511d19926f99b459f",
                "sha256:e842515e2bab8e19186d89fdfea7abd15e39dd581f94e399f00e2af5a1652d3f"
            ],
            "markers": "python_version >= '3.8'",
            "version": "==8.6.1"
        },
        "jupyter-core": {
            "hashes": [
                "sha256:4f7315d2f6b4bcf2e3e7cb6e46772eba760ae459cd1f59d29eb57b0a01bd7409",
                "sha256:aa5f8d32bbf6b431ac830496da7392035d6f61b4f54872f15c4bd2a9c3f536d9"
            ],
            "markers": "python_version >= '3.8'",
            "version": "==5.7.2"
        },
        "jupyterlab-pygments": {
            "hashes": [
                "sha256:721aca4d9029252b11cfa9d185e5b5af4d54772bb8072f9b7036f4170054d35d",
                "sha256:841a89020971da1d8693f1a99997aefc5dc424bb1b251fd6322462a1b8842780"
            ],
            "markers": "python_version >= '3.8'",
            "version": "==0.3.0"
        },
        "markupsafe": {
            "hashes": [
                "sha256:00e046b6dd71aa03a41079792f8473dc494d564611a8f89bbbd7cb93295ebdcf",
                "sha256:075202fa5b72c86ad32dc7d0b56024ebdbcf2048c0ba09f1cde31bfdd57bcfff",
                "sha256:0e397ac966fdf721b2c528cf028494e86172b4feba51d65f81ffd65c63798f3f",
                "sha256:17b950fccb810b3293638215058e432159d2b71005c74371d784862b7e4683f3",
                "sha256:1f3fbcb7ef1f16e48246f704ab79d79da8a46891e2da03f8783a5b6fa41a9532",
                "sha256:2174c595a0d73a3080ca3257b40096db99799265e1c27cc5a610743acd86d62f",
                "sha256:2b7c57a4dfc4f16f7142221afe5ba4e093e09e728ca65c51f5620c9aaeb9a617",
                "sha256:2d2d793e36e230fd32babe143b04cec8a8b3eb8a3122d2aceb4a371e6b09b8df",
                "sha256:30b600cf0a7ac9234b2638fbc0fb6158ba5bdcdf46aeb631ead21248b9affbc4",
                "sha256:397081c1a0bfb5124355710fe79478cdbeb39626492b15d399526ae53422b906",
                "sha256:3a57fdd7ce31c7ff06cdfbf31dafa96cc533c21e443d57f5b1ecc6cdc668ec7f",
                "sha256:3c6b973f22eb18a789b1460b4b91bf04ae3f0c4234a0a6aa6b0a92f6f7b951d4",
                "sha256:3e53af139f8579a6d5f7b76549125f0d94d7e630761a2111bc431fd820e163b8",
                "sha256:4096e9de5c6fdf43fb4f04c26fb114f61ef0bf2e5604b6ee3019d51b69e8c371",
                "sha256:4275d846e41ecefa46e2015117a9f491e57a71ddd59bbead77e904dc02b1bed2",
                "sha256:4c31f53cdae6ecfa91a77820e8b151dba54ab528ba65dfd235c80b086d68a465",
                "sha256:4f11aa001c540f62c6166c7726f71f7573b52c68c31f014c25cc7901deea0b52",
                "sha256:5049256f536511ee3f7e1b3f87d1d1209d327e818e6ae1365e8653d7e3abb6a6",
                "sha256:58c98fee265677f63a4385256a6d7683ab1832f3ddd1e66fe948d5880c21a169",
                "sha256:598e3276b64aff0e7b3451b72e94fa3c238d452e7ddcd893c3ab324717456bad",
                "sha256:5b7b716f97b52c5a14bffdf688f971b2d5ef4029127f1ad7a513973cfd818df2",
                "sha256:5dedb4db619ba5a2787a94d877bc8ffc0566f92a01c0ef214865e54ecc9ee5e0",
                "sha256:619bc166c4f2de5caa5a633b8b7326fbe98e0ccbfacabd87268a2b15ff73a029",
                "sha256:629ddd2ca402ae6dbedfceeba9c46d5f7b2a61d9749597d4307f943ef198fc1f",
                "sha256:656f7526c69fac7f600bd1f400991cc282b417d17539a1b228617081106feb4a",
                "sha256:6ec585f69cec0aa07d945b20805be741395e28ac1627333b1c5b0105962ffced",
                "sha256:72b6be590cc35924b02c78ef34b467da4ba07e4e0f0454a2c5907f473fc50ce5",
                "sha256:7502934a33b54030eaf1194c21c692a534196063db72176b0c4028e140f8f32c",
                "sha256:7a68b554d356a91cce1236aa7682dc01df0edba8d043fd1ce607c49dd3c1edcf",
                "sha256:7b2e5a267c855eea6b4283940daa6e88a285f5f2a67f2220203786dfa59b37e9",
                "sha256:823b65d8706e32ad2df51ed89496147a42a2a6e01c13cfb6ffb8b1e92bc910bb",
                "sha256:8590b4ae07a35970728874632fed7bd57b26b0102df2d2b233b6d9d82f6c62ad",
                "sha256:8dd717634f5a044f860435c1d8c16a270ddf0ef8588d4887037c5028b859b0c3",
                "sha256:8dec4936e9c3100156f8a2dc89c4b88d5c435175ff03413b443469c7c8c5f4d1",
                "sha256:97cafb1f3cbcd3fd2b6fbfb99ae11cdb14deea0736fc2b0952ee177f2b813a46",
                "sha256:a17a92de5231666cfbe003f0e4b9b3a7ae3afb1ec2845aadc2bacc93ff85febc",
                "sha256:a549b9c31bec33820e885335b451286e2969a2d9e24879f83fe904a5ce59d70a",
                "sha256:ac07bad82163452a6884fe8fa0963fb98c2346ba78d779ec06bd7a6262132aee",
                "sha256:ae2ad8ae6ebee9d2d94b17fb62763125f3f374c25618198f40cbb8b525411900",
                "sha256:b91c037585eba9095565a3556f611e3cbfaa42ca1e865f7b8015fe5c7336d5a5",
                "sha256:bc1667f8b83f48511b94671e0e441401371dfd0f0a795c7daa4a3cd1dde55bea",
                "sha256:bec0a414d016ac1a18862a519e54b2fd0fc8bbfd6890376898a6c0891dd82e9f",
                "sha256:bf50cd79a75d181c9181df03572cdce0fbb75cc353bc350712073108cba98de5",
                "sha256:bff1b4290a66b490a2f4719358c0cdcd9bafb6b8f061e45c7a2460866bf50c2e",
                "sha256:c061bb86a71b42465156a3ee7bd58c8c2ceacdbeb95d05a99893e08b8467359a",
                "sha256:c8b29db45f8fe46ad280a7294f5c3ec36dbac9491f2d1c17345be8e69cc5928f",
                "sha256:ce409136744f6521e39fd8e2a24c53fa18ad67aa5bc7c2cf83645cce5b5c4e50",
                "sha256:d050b3361367a06d752db6ead6e7edeb0009be66bc3bae0ee9d97fb326badc2a",
                "sha256:d283d37a890ba4c1ae73ffadf8046435c76e7bc2247bbb63c00bd1a709c6544b",
                "sha256:d9fad5155d72433c921b782e58892377c44bd6252b5af2f67f16b194987338a4",
                "sha256:daa4ee5a243f0f20d528d939d06670a298dd39b1ad5f8a72a4275124a7819eff",
                "sha256:db0b55e0f3cc0be60c1f19efdde9a637c32740486004f20d1cff53c3c0ece4d2",
                "sha256:e61659ba32cf2cf1481e575d0462554625196a1f2fc06a1c777d3f48e8865d46",
                "sha256:ea3d8a3d18833cf4304cd2fc9cbb1efe188ca9b5efef2bdac7adc20594a0e46b",
                "sha256:ec6a563cff360b50eed26f13adc43e61bc0c04d94b8be985e6fb24b81f6dcfdf",
                "sha256:f5dfb42c4604dddc8e4305050aa6deb084540643ed5804d7455b5df8fe16f5e5",
                "sha256:fa173ec60341d6bb97a89f5ea19c85c5643c1e7dedebc22f5181eb73573142c5",
                "sha256:fa9db3f79de01457b03d4f01b34cf91bc0048eb2c3846ff26f66687c2f6d16ab",
                "sha256:fce659a462a1be54d2ffcacea5e3ba2d74daa74f30f5f143fe0c58636e355fdd",
                "sha256:ffee1f21e5ef0d712f9033568f8344d5da8cc2869dbd08d87c84656e6a2d2f68"
            ],
            "markers": "python_version >= '3.7'",
            "version": "==2.1.5"
        },
        "mistune": {
            "hashes": [
                "sha256:71481854c30fdbc938963d3605b72501f5c10a9320ecd412c121c163a1c7d205",
                "sha256:fc7f93ded930c92394ef2cb6f04a8aabab4117a91449e72dcc8dfa646a508be8"
            ],
            "markers": "python_version >= '3.7'",
            "version": "==3.0.2"
        },
        "nbclient": {
            "hashes": [
                "sha256:4b3f1b7dba531e498449c4db4f53da339c91d449dc11e9af3a43b4eb5c5abb09",
                "sha256:f13e3529332a1f1f81d82a53210322476a168bb7090a0289c795fe9cc11c9d3f"
            ],
            "markers": "python_full_version >= '3.8.0'",
            "version": "==0.10.0"
        },
        "nbconvert": {
            "hashes": [
                "sha256:05873c620fe520b6322bf8a5ad562692343fe3452abda5765c7a34b7d1aa3eb3",
                "sha256:86ca91ba266b0a448dc96fa6c5b9d98affabde2867b363258703536807f9f7f4"
            ],
            "markers": "python_version >= '3.8'",
            "version": "==7.16.4"
        },
        "nbformat": {
            "hashes": [
                "sha256:322168b14f937a5d11362988ecac2a4952d3d8e3a2cbeb2319584631226d5b3a",
                "sha256:3b48d6c8fbca4b299bf3982ea7db1af21580e4fec269ad087b9e81588891200b"
            ],
            "markers": "python_version >= '3.8'",
            "version": "==5.10.4"
        },
        "packaging": {
            "hashes": [
                "sha256:2ddfb553fdf02fb784c234c7ba6ccc288296ceabec964ad2eae3777778130bc5",
                "sha256:eb82c5e3e56209074766e6885bb04b8c38a0c015d0a30036ebe7ece34c9989e9"
            ],
            "markers": "python_version >= '3.7'",
            "version": "==24.0"
        },
        "pandocfilters": {
            "hashes": [
                "sha256:002b4a555ee4ebc03f8b66307e287fa492e4a77b4ea14d3f934328297bb4939e",
                "sha256:93be382804a9cdb0a7267585f157e5d1731bbe5545a85b268d6f5fe6232de2bc"
            ],
            "markers": "python_version >= '2.7' and python_version not in '3.0, 3.1, 3.2, 3.3'",
            "version": "==1.5.1"
        },
        "platformdirs": {
            "hashes": [
                "sha256:2d7a1657e36a80ea911db832a8a6ece5ee53d8de21edd5cc5879af6530b1bfee",
                "sha256:38b7b51f512eed9e84a22788b4bce1de17c0adb134d6becb09836e37d8654cd3"
            ],
            "markers": "python_version >= '3.8'",
            "version": "==4.2.2"
        },
        "pygments": {
            "hashes": [
                "sha256:786ff802f32e91311bff3889f6e9a86e81505fe99f2735bb6d60ae0c5004f199",
                "sha256:b8e6aca0523f3ab76fee51799c488e38782ac06eafcf95e7ba832985c8e7b13a"
            ],
            "markers": "python_version >= '3.8'",
            "version": "==2.18.0"
        },
        "pyparsing": {
            "hashes": [
                "sha256:a1bac0ce561155ecc3ed78ca94d3c9378656ad4c94c1270de543f621420f94ad",
                "sha256:f9db75911801ed778fe61bb643079ff86601aca99fcae6345aa67292038fb742"
            ],
            "markers": "python_full_version >= '3.6.8'",
            "version": "==3.1.2"
        },
        "python-dateutil": {
            "hashes": [
                "sha256:37dd54208da7e1cd875388217d5e00ebd4179249f90fb72437e91a35459a0ad3",
                "sha256:a8b2bc7bffae282281c8140a97d3aa9c14da0b136dfe83f850eea9a5f7470427"
            ],
            "markers": "python_version >= '2.7' and python_version not in '3.0, 3.1, 3.2'",
            "version": "==2.9.0.post0"
        },
        "pyyaml": {
            "hashes": [
                "sha256:04ac92ad1925b2cff1db0cfebffb6ffc43457495c9b3c39d3fcae417d7125dc5",
                "sha256:062582fca9fabdd2c8b54a3ef1c978d786e0f6b3a1510e0ac93ef59e0ddae2bc",
                "sha256:0d3304d8c0adc42be59c5f8a4d9e3d7379e6955ad754aa9d6ab7a398b59dd1df",
                "sha256:1635fd110e8d85d55237ab316b5b011de701ea0f29d07611174a1b42f1444741",
                "sha256:184c5108a2aca3c5b3d3bf9395d50893a7ab82a38004c8f61c258d4428e80206",
                "sha256:18aeb1bf9a78867dc38b259769503436b7c72f7a1f1f4c93ff9a17de54319b27",
                "sha256:1d4c7e777c441b20e32f52bd377e0c409713e8bb1386e1099c2415f26e479595",
                "sha256:1e2722cc9fbb45d9b87631ac70924c11d3a401b2d7f410cc0e3bbf249f2dca62",
                "sha256:1fe35611261b29bd1de0070f0b2f47cb6ff71fa6595c077e42bd0c419fa27b98",
                "sha256:28c119d996beec18c05208a8bd78cbe4007878c6dd15091efb73a30e90539696",
                "sha256:326c013efe8048858a6d312ddd31d56e468118ad4cdeda36c719bf5bb6192290",
                "sha256:40df9b996c2b73138957fe23a16a4f0ba614f4c0efce1e9406a184b6d07fa3a9",
                "sha256:42f8152b8dbc4fe7d96729ec2b99c7097d656dc1213a3229ca5383f973a5ed6d",
                "sha256:49a183be227561de579b4a36efbb21b3eab9651dd81b1858589f796549873dd6",
                "sha256:4fb147e7a67ef577a588a0e2c17b6db51dda102c71de36f8549b6816a96e1867",
                "sha256:50550eb667afee136e9a77d6dc71ae76a44df8b3e51e41b77f6de2932bfe0f47",
                "sha256:510c9deebc5c0225e8c96813043e62b680ba2f9c50a08d3724c7f28a747d1486",
                "sha256:5773183b6446b2c99bb77e77595dd486303b4faab2b086e7b17bc6bef28865f6",
                "sha256:596106435fa6ad000c2991a98fa58eeb8656ef2325d7e158344fb33864ed87e3",
                "sha256:6965a7bc3cf88e5a1c3bd2e0b5c22f8d677dc88a455344035f03399034eb3007",
                "sha256:69b023b2b4daa7548bcfbd4aa3da05b3a74b772db9e23b982788168117739938",
                "sha256:6c22bec3fbe2524cde73d7ada88f6566758a8f7227bfbf93a408a9d86bcc12a0",
                "sha256:704219a11b772aea0d8ecd7058d0082713c3562b4e271b849ad7dc4a5c90c13c",
                "sha256:7e07cbde391ba96ab58e532ff4803f79c4129397514e1413a7dc761ccd755735",
                "sha256:81e0b275a9ecc9c0c0c07b4b90ba548307583c125f54d5b6946cfee6360c733d",
                "sha256:855fb52b0dc35af121542a76b9a84f8d1cd886ea97c84703eaa6d88e37a2ad28",
                "sha256:8d4e9c88387b0f5c7d5f281e55304de64cf7f9c0021a3525bd3b1c542da3b0e4",
                "sha256:9046c58c4395dff28dd494285c82ba00b546adfc7ef001486fbf0324bc174fba",
                "sha256:9eb6caa9a297fc2c2fb8862bc5370d0303ddba53ba97e71f08023b6cd73d16a8",
                "sha256:a08c6f0fe150303c1c6b71ebcd7213c2858041a7e01975da3a99aed1e7a378ef",
                "sha256:a0cd17c15d3bb3fa06978b4e8958dcdc6e0174ccea823003a106c7d4d7899ac5",
                "sha256:afd7e57eddb1a54f0f1a974bc4391af8bcce0b444685d936840f125cf046d5bd",
                "sha256:b1275ad35a5d18c62a7220633c913e1b42d44b46ee12554e5fd39c70a243d6a3",
                "sha256:b786eecbdf8499b9ca1d697215862083bd6d2a99965554781d0d8d1ad31e13a0",
                "sha256:ba336e390cd8e4d1739f42dfe9bb83a3cc2e80f567d8805e11b46f4a943f5515",
                "sha256:baa90d3f661d43131ca170712d903e6295d1f7a0f595074f151c0aed377c9b9c",
                "sha256:bc1bf2925a1ecd43da378f4db9e4f799775d6367bdb94671027b73b393a7c42c",
                "sha256:bd4af7373a854424dabd882decdc5579653d7868b8fb26dc7d0e99f823aa5924",
                "sha256:bf07ee2fef7014951eeb99f56f39c9bb4af143d8aa3c21b1677805985307da34",
                "sha256:bfdf460b1736c775f2ba9f6a92bca30bc2095067b8a9d77876d1fad6cc3b4a43",
                "sha256:c8098ddcc2a85b61647b2590f825f3db38891662cfc2fc776415143f599bb859",
                "sha256:d2b04aac4d386b172d5b9692e2d2da8de7bfb6c387fa4f801fbf6fb2e6ba4673",
                "sha256:d483d2cdf104e7c9fa60c544d92981f12ad66a457afae824d146093b8c294c54",
                "sha256:d858aa552c999bc8a8d57426ed01e40bef403cd8ccdd0fc5f6f04a00414cac2a",
                "sha256:e7d73685e87afe9f3b36c799222440d6cf362062f78be1013661b00c5c6f678b",
                "sha256:f003ed9ad21d6a4713f0a9b5a7a0a79e08dd0f221aff4525a2be4c346ee60aab",
                "sha256:f22ac1c3cac4dbc50079e965eba2c1058622631e526bd9afd45fedd49ba781fa",
                "sha256:faca3bdcf85b2fc05d06ff3fbc1f83e1391b3e724afa3feba7d13eeab355484c",
                "sha256:fca0e3a251908a499833aa292323f32437106001d436eca0e6e7833256674585",
                "sha256:fd1592b3fdf65fff2ad0004b5e363300ef59ced41c2e6b3a99d4089fa8c5435d",
                "sha256:fd66fc5d0da6d9815ba2cebeb4205f95818ff4b79c3ebe268e75d961704af52f"
            ],
            "markers": "python_version >= '3.6'",
            "version": "==6.0.1"
        },
        "pyzmq": {
            "hashes": [
                "sha256:01fbfbeb8249a68d257f601deb50c70c929dc2dfe683b754659569e502fbd3aa",
                "sha256:0270b49b6847f0d106d64b5086e9ad5dc8a902413b5dbbb15d12b60f9c1747a4",
                "sha256:03c0ae165e700364b266876d712acb1ac02693acd920afa67da2ebb91a0b3c09",
                "sha256:068ca17214038ae986d68f4a7021f97e187ed278ab6dccb79f837d765a54d753",
                "sha256:082a2988364b60bb5de809373098361cf1dbb239623e39e46cb18bc035ed9c0c",
                "sha256:0aaf982e68a7ac284377d051c742610220fd06d330dcd4c4dbb4cdd77c22a537",
                "sha256:0c0991f5a96a8e620f7691e61178cd8f457b49e17b7d9cfa2067e2a0a89fc1d5",
                "sha256:115f8359402fa527cf47708d6f8a0f8234f0e9ca0cab7c18c9c189c194dbf620",
                "sha256:15c59e780be8f30a60816a9adab900c12a58d79c1ac742b4a8df044ab2a6d920",
                "sha256:1b7d0e124948daa4d9686d421ef5087c0516bc6179fdcf8828b8444f8e461a77",
                "sha256:1c8eb19abe87029c18f226d42b8a2c9efdd139d08f8bf6e085dd9075446db450",
                "sha256:204e0f176fd1d067671157d049466869b3ae1fc51e354708b0dc41cf94e23a3a",
                "sha256:2136f64fbb86451dbbf70223635a468272dd20075f988a102bf8a3f194a411dc",
                "sha256:2b291d1230845871c00c8462c50565a9cd6026fe1228e77ca934470bb7d70ea0",
                "sha256:2c18645ef6294d99b256806e34653e86236eb266278c8ec8112622b61db255de",
                "sha256:2cc4e280098c1b192c42a849de8de2c8e0f3a84086a76ec5b07bfee29bda7d18",
                "sha256:2ed8357f4c6e0daa4f3baf31832df8a33334e0fe5b020a61bc8b345a3db7a606",
                "sha256:3191d312c73e3cfd0f0afdf51df8405aafeb0bad71e7ed8f68b24b63c4f36500",
                "sha256:3401613148d93ef0fd9aabdbddb212de3db7a4475367f49f590c837355343972",
                "sha256:34106f68e20e6ff253c9f596ea50397dbd8699828d55e8fa18bd4323d8d966e6",
                "sha256:3516119f4f9b8671083a70b6afaa0a070f5683e431ab3dc26e9215620d7ca1ad",
                "sha256:38ece17ec5f20d7d9b442e5174ae9f020365d01ba7c112205a4d59cf19dc38ee",
                "sha256:3b4032a96410bdc760061b14ed6a33613ffb7f702181ba999df5d16fb96ba16a",
                "sha256:3bf8b000a4e2967e6dfdd8656cd0757d18c7e5ce3d16339e550bd462f4857e59",
                "sha256:3e3070e680f79887d60feeda051a58d0ac36622e1759f305a41059eff62c6da7",
                "sha256:4496b1282c70c442809fc1b151977c3d967bfb33e4e17cedbf226d97de18f709",
                "sha256:44dd6fc3034f1eaa72ece33588867df9e006a7303725a12d64c3dff92330f625",
                "sha256:4adfbb5451196842a88fda3612e2c0414134874bffb1c2ce83ab4242ec9e027d",
                "sha256:4b7c0c0b3244bb2275abe255d4a30c050d541c6cb18b870975553f1fb6f37527",
                "sha256:4c82a6d952a1d555bf4be42b6532927d2a5686dd3c3e280e5f63225ab47ac1f5",
                "sha256:5344b896e79800af86ad643408ca9aa303a017f6ebff8cee5a3163c1e9aec987",
                "sha256:5bde86a2ed3ce587fa2b207424ce15b9a83a9fa14422dcc1c5356a13aed3df9d",
                "sha256:5bf6c237f8c681dfb91b17f8435b2735951f0d1fad10cc5dfd96db110243370b",
                "sha256:5dbb9c997932473a27afa93954bb77a9f9b786b4ccf718d903f35da3232317de",
                "sha256:69ea9d6d9baa25a4dc9cef5e2b77b8537827b122214f210dd925132e34ae9b12",
                "sha256:6b3146f9ae6af82c47a5282ac8803523d381b3b21caeae0327ed2f7ecb718798",
                "sha256:6bcb34f869d431799c3ee7d516554797f7760cb2198ecaa89c3f176f72d062be",
                "sha256:6ca08b840fe95d1c2bd9ab92dac5685f949fc6f9ae820ec16193e5ddf603c3b2",
                "sha256:6ca7a9a06b52d0e38ccf6bca1aeff7be178917893f3883f37b75589d42c4ac20",
                "sha256:703c60b9910488d3d0954ca585c34f541e506a091a41930e663a098d3b794c67",
                "sha256:715bdf952b9533ba13dfcf1f431a8f49e63cecc31d91d007bc1deb914f47d0e4",
                "sha256:72b67f966b57dbd18dcc7efbc1c7fc9f5f983e572db1877081f075004614fcdd",
                "sha256:74423631b6be371edfbf7eabb02ab995c2563fee60a80a30829176842e71722a",
                "sha256:77a85dca4c2430ac04dc2a2185c2deb3858a34fe7f403d0a946fa56970cf60a1",
                "sha256:7821d44fe07335bea256b9f1f41474a642ca55fa671dfd9f00af8d68a920c2d4",
                "sha256:788f15721c64109cf720791714dc14afd0f449d63f3a5487724f024345067381",
                "sha256:7ca684ee649b55fd8f378127ac8462fb6c85f251c2fb027eb3c887e8ee347bcd",
                "sha256:7daa3e1369355766dea11f1d8ef829905c3b9da886ea3152788dc25ee6079e02",
                "sha256:7e6bc96ebe49604df3ec2c6389cc3876cabe475e6bfc84ced1bf4e630662cb35",
                "sha256:80b12f25d805a919d53efc0a5ad7c0c0326f13b4eae981a5d7b7cc343318ebb7",
                "sha256:871587bdadd1075b112e697173e946a07d722459d20716ceb3d1bd6c64bd08ce",
                "sha256:88b88282e55fa39dd556d7fc04160bcf39dea015f78e0cecec8ff4f06c1fc2b5",
                "sha256:8d7a498671ca87e32b54cb47c82a92b40130a26c5197d392720a1bce1b3c77cf",
                "sha256:926838a535c2c1ea21c903f909a9a54e675c2126728c21381a94ddf37c3cbddf",
                "sha256:971e8990c5cc4ddcff26e149398fc7b0f6a042306e82500f5e8db3b10ce69f84",
                "sha256:9b273ecfbc590a1b98f014ae41e5cf723932f3b53ba9367cfb676f838038b32c",
                "sha256:a42db008d58530efa3b881eeee4991146de0b790e095f7ae43ba5cc612decbc5",
                "sha256:a72a84570f84c374b4c287183debc776dc319d3e8ce6b6a0041ce2e400de3f32",
                "sha256:ac97a21de3712afe6a6c071abfad40a6224fd14fa6ff0ff8d0c6e6cd4e2f807a",
                "sha256:acb704195a71ac5ea5ecf2811c9ee19ecdc62b91878528302dd0be1b9451cc90",
                "sha256:b32bff85fb02a75ea0b68f21e2412255b5731f3f389ed9aecc13a6752f58ac97",
                "sha256:b3cd31f859b662ac5d7f4226ec7d8bd60384fa037fc02aee6ff0b53ba29a3ba8",
                "sha256:b63731993cdddcc8e087c64e9cf003f909262b359110070183d7f3025d1c56b5",
                "sha256:b6907da3017ef55139cf0e417c5123a84c7332520e73a6902ff1f79046cd3b94",
                "sha256:ba6e5e6588e49139a0979d03a7deb9c734bde647b9a8808f26acf9c547cab1bf",
                "sha256:c1c8f2a2ca45292084c75bb6d3a25545cff0ed931ed228d3a1810ae3758f975f",
                "sha256:ce828058d482ef860746bf532822842e0ff484e27f540ef5c813d516dd8896d2",
                "sha256:d0a2d1bd63a4ad79483049b26514e70fa618ce6115220da9efdff63688808b17",
                "sha256:d0cdde3c78d8ab5b46595054e5def32a755fc028685add5ddc7403e9f6de9879",
                "sha256:d57dfbf9737763b3a60d26e6800e02e04284926329aee8fb01049635e957fe81",
                "sha256:d8416c23161abd94cc7da80c734ad7c9f5dbebdadfdaa77dad78244457448223",
                "sha256:dba7d9f2e047dfa2bca3b01f4f84aa5246725203d6284e3790f2ca15fba6b40a",
                "sha256:dbf012d8fcb9f2cf0643b65df3b355fdd74fc0035d70bb5c845e9e30a3a4654b",
                "sha256:e1258c639e00bf5e8a522fec6c3eaa3e30cf1c23a2f21a586be7e04d50c9acab",
                "sha256:e222562dc0f38571c8b1ffdae9d7adb866363134299264a1958d077800b193b7",
                "sha256:e4946d6bdb7ba972dfda282f9127e5756d4f299028b1566d1245fa0d438847e6",
                "sha256:e746524418b70f38550f2190eeee834db8850088c834d4c8406fbb9bc1ae10b2",
                "sha256:e76654e9dbfb835b3518f9938e565c7806976c07b37c33526b574cc1a1050480",
                "sha256:e8918973fbd34e7814f59143c5f600ecd38b8038161239fd1a3d33d5817a38b8",
                "sha256:e891ce81edd463b3b4c3b885c5603c00141151dd9c6936d98a680c8c72fe5c67",
                "sha256:ebbbd0e728af5db9b04e56389e2299a57ea8b9dd15c9759153ee2455b32be6ad",
                "sha256:eeb438a26d87c123bb318e5f2b3d86a36060b01f22fbdffd8cf247d52f7c9a2b",
                "sha256:eed56b6a39216d31ff8cd2f1d048b5bf1700e4b32a01b14379c3b6dde9ce3aa3",
                "sha256:f17cde1db0754c35a91ac00b22b25c11da6eec5746431d6e5092f0cd31a3fea9",
                "sha256:f1a9b7d00fdf60b4039f4455afd031fe85ee8305b019334b72dcf73c567edc47",
                "sha256:f4b6cecbbf3b7380f3b61de3a7b93cb721125dc125c854c14ddc91225ba52f83",
                "sha256:f6b1d1c631e5940cac5a0b22c5379c86e8df6a4ec277c7a856b714021ab6cfad",
                "sha256:f6c21c00478a7bea93caaaef9e7629145d4153b15a8653e8bb4609d4bc70dbfc"
            ],
            "markers": "python_version >= '3.7'",
            "version": "==26.0.3"
        },
        "referencing": {
            "hashes": [
                "sha256:25b42124a6c8b632a425174f24087783efb348a6f1e0008e63cd4466fedf703c",
                "sha256:eda6d3234d62814d1c64e305c1331c9a3a6132da475ab6382eaa997b21ee75de"
            ],
            "markers": "python_version >= '3.8'",
            "version": "==0.35.1"
        },
        "rpds-py": {
            "hashes": [
                "sha256:05f3d615099bd9b13ecf2fc9cf2d839ad3f20239c678f461c753e93755d629ee",
                "sha256:06d218939e1bf2ca50e6b0ec700ffe755e5216a8230ab3e87c059ebb4ea06afc",
                "sha256:07f2139741e5deb2c5154a7b9629bc5aa48c766b643c1a6750d16f865a82c5fc",
                "sha256:08d74b184f9ab6289b87b19fe6a6d1a97fbfea84b8a3e745e87a5de3029bf944",
                "sha256:0abeee75434e2ee2d142d650d1e54ac1f8b01e6e6abdde8ffd6eeac6e9c38e20",
                "sha256:154bf5c93d79558b44e5b50cc354aa0459e518e83677791e6adb0b039b7aa6a7",
                "sha256:17c6d2155e2423f7e79e3bb18151c686d40db42d8645e7977442170c360194d4",
                "sha256:1805d5901779662d599d0e2e4159d8a82c0b05faa86ef9222bf974572286b2b6",
                "sha256:19ba472b9606c36716062c023afa2484d1e4220548751bda14f725a7de17b4f6",
                "sha256:19e515b78c3fc1039dd7da0a33c28c3154458f947f4dc198d3c72db2b6b5dc93",
                "sha256:1d54f74f40b1f7aaa595a02ff42ef38ca654b1469bef7d52867da474243cc633",
                "sha256:207c82978115baa1fd8d706d720b4a4d2b0913df1c78c85ba73fe6c5804505f0",
                "sha256:2625f03b105328729f9450c8badda34d5243231eef6535f80064d57035738360",
                "sha256:27bba383e8c5231cd559affe169ca0b96ec78d39909ffd817f28b166d7ddd4d8",
                "sha256:2c3caec4ec5cd1d18e5dd6ae5194d24ed12785212a90b37f5f7f06b8bedd7139",
                "sha256:2cc7c1a47f3a63282ab0f422d90ddac4aa3034e39fc66a559ab93041e6505da7",
                "sha256:2fc24a329a717f9e2448f8cd1f960f9dac4e45b6224d60734edeb67499bab03a",
                "sha256:312fe69b4fe1ffbe76520a7676b1e5ac06ddf7826d764cc10265c3b53f96dbe9",
                "sha256:32b7daaa3e9389db3695964ce8e566e3413b0c43e3394c05e4b243a4cd7bef26",
                "sha256:338dee44b0cef8b70fd2ef54b4e09bb1b97fc6c3a58fea5db6cc083fd9fc2724",
                "sha256:352a88dc7892f1da66b6027af06a2e7e5d53fe05924cc2cfc56495b586a10b72",
                "sha256:35b2b771b13eee8729a5049c976197ff58a27a3829c018a04341bcf1ae409b2b",
                "sha256:38e14fb4e370885c4ecd734f093a2225ee52dc384b86fa55fe3f74638b2cfb09",
                "sha256:3c20f05e8e3d4fc76875fc9cb8cf24b90a63f5a1b4c5b9273f0e8225e169b100",
                "sha256:3dd3cd86e1db5aadd334e011eba4e29d37a104b403e8ca24dcd6703c68ca55b3",
                "sha256:489bdfe1abd0406eba6b3bb4fdc87c7fa40f1031de073d0cfb744634cc8fa261",
                "sha256:48c2faaa8adfacefcbfdb5f2e2e7bdad081e5ace8d182e5f4ade971f128e6bb3",
                "sha256:4a98a1f0552b5f227a3d6422dbd61bc6f30db170939bd87ed14f3c339aa6c7c9",
                "sha256:4adec039b8e2928983f885c53b7cc4cda8965b62b6596501a0308d2703f8af1b",
                "sha256:4e0ee01ad8260184db21468a6e1c37afa0529acc12c3a697ee498d3c2c4dcaf3",
                "sha256:51584acc5916212e1bf45edd17f3a6b05fe0cbb40482d25e619f824dccb679de",
                "sha256:531796fb842b53f2695e94dc338929e9f9dbf473b64710c28af5a160b2a8927d",
                "sha256:5463c47c08630007dc0fe99fb480ea4f34a89712410592380425a9b4e1611d8e",
                "sha256:5c45a639e93a0c5d4b788b2613bd637468edd62f8f95ebc6fcc303d58ab3f0a8",
                "sha256:6031b25fb1b06327b43d841f33842b383beba399884f8228a6bb3df3088485ff",
                "sha256:607345bd5912aacc0c5a63d45a1f73fef29e697884f7e861094e443187c02be5",
                "sha256:618916f5535784960f3ecf8111581f4ad31d347c3de66d02e728de460a46303c",
                "sha256:636a15acc588f70fda1661234761f9ed9ad79ebed3f2125d44be0862708b666e",
                "sha256:673fdbbf668dd958eff750e500495ef3f611e2ecc209464f661bc82e9838991e",
                "sha256:6afd80f6c79893cfc0574956f78a0add8c76e3696f2d6a15bca2c66c415cf2d4",
                "sha256:6b5ff7e1d63a8281654b5e2896d7f08799378e594f09cf3674e832ecaf396ce8",
                "sha256:6c4c4c3f878df21faf5fac86eda32671c27889e13570645a9eea0a1abdd50922",
                "sha256:6cd8098517c64a85e790657e7b1e509b9fe07487fd358e19431cb120f7d96338",
                "sha256:6d1e42d2735d437e7e80bab4d78eb2e459af48c0a46e686ea35f690b93db792d",
                "sha256:6e30ac5e329098903262dc5bdd7e2086e0256aa762cc8b744f9e7bf2a427d3f8",
                "sha256:70a838f7754483bcdc830444952fd89645569e7452e3226de4a613a4c1793fb2",
                "sha256:720edcb916df872d80f80a1cc5ea9058300b97721efda8651efcd938a9c70a72",
                "sha256:732672fbc449bab754e0b15356c077cc31566df874964d4801ab14f71951ea80",
                "sha256:740884bc62a5e2bbb31e584f5d23b32320fd75d79f916f15a788d527a5e83644",
                "sha256:7700936ef9d006b7ef605dc53aa364da2de5a3aa65516a1f3ce73bf82ecfc7ae",
                "sha256:7732770412bab81c5a9f6d20aeb60ae943a9b36dcd990d876a773526468e7163",
                "sha256:7750569d9526199c5b97e5a9f8d96a13300950d910cf04a861d96f4273d5b104",
                "sha256:7f1944ce16401aad1e3f7d312247b3d5de7981f634dc9dfe90da72b87d37887d",
                "sha256:81c5196a790032e0fc2464c0b4ab95f8610f96f1f2fa3d4deacce6a79852da60",
                "sha256:8352f48d511de5f973e4f2f9412736d7dea76c69faa6d36bcf885b50c758ab9a",
                "sha256:8927638a4d4137a289e41d0fd631551e89fa346d6dbcfc31ad627557d03ceb6d",
                "sha256:8c7672e9fba7425f79019db9945b16e308ed8bc89348c23d955c8c0540da0a07",
                "sha256:8d2e182c9ee01135e11e9676e9a62dfad791a7a467738f06726872374a83db49",
                "sha256:910e71711d1055b2768181efa0a17537b2622afeb0424116619817007f8a2b10",
                "sha256:942695a206a58d2575033ff1e42b12b2aece98d6003c6bc739fbf33d1773b12f",
                "sha256:9437ca26784120a279f3137ee080b0e717012c42921eb07861b412340f85bae2",
                "sha256:967342e045564cef76dfcf1edb700b1e20838d83b1aa02ab313e6a497cf923b8",
                "sha256:998125738de0158f088aef3cb264a34251908dd2e5d9966774fdab7402edfab7",
                "sha256:9e6934d70dc50f9f8ea47081ceafdec09245fd9f6032669c3b45705dea096b88",
                "sha256:a3d456ff2a6a4d2adcdf3c1c960a36f4fd2fec6e3b4902a42a384d17cf4e7a65",
                "sha256:a7b28c5b066bca9a4eb4e2f2663012debe680f097979d880657f00e1c30875a0",
                "sha256:a888e8bdb45916234b99da2d859566f1e8a1d2275a801bb8e4a9644e3c7e7909",
                "sha256:aa3679e751408d75a0b4d8d26d6647b6d9326f5e35c00a7ccd82b78ef64f65f8",
                "sha256:aaa71ee43a703c321906813bb252f69524f02aa05bf4eec85f0c41d5d62d0f4c",
                "sha256:b646bf655b135ccf4522ed43d6902af37d3f5dbcf0da66c769a2b3938b9d8184",
                "sha256:b906b5f58892813e5ba5c6056d6a5ad08f358ba49f046d910ad992196ea61397",
                "sha256:b9bb1f182a97880f6078283b3505a707057c42bf55d8fca604f70dedfdc0772a",
                "sha256:bd1105b50ede37461c1d51b9698c4f4be6e13e69a908ab7751e3807985fc0346",
                "sha256:bf18932d0003c8c4d51a39f244231986ab23ee057d235a12b2684ea26a353590",
                "sha256:c273e795e7a0f1fddd46e1e3cb8be15634c29ae8ff31c196debb620e1edb9333",
                "sha256:c69882964516dc143083d3795cb508e806b09fc3800fd0d4cddc1df6c36e76bb",
                "sha256:c827576e2fa017a081346dce87d532a5310241648eb3700af9a571a6e9fc7e74",
                "sha256:cbfbea39ba64f5e53ae2915de36f130588bba71245b418060ec3330ebf85678e",
                "sha256:ce0bb20e3a11bd04461324a6a798af34d503f8d6f1aa3d2aa8901ceaf039176d",
                "sha256:d0cee71bc618cd93716f3c1bf56653740d2d13ddbd47673efa8bf41435a60daa",
                "sha256:d21be4770ff4e08698e1e8e0bce06edb6ea0626e7c8f560bc08222880aca6a6f",
                "sha256:d31dea506d718693b6b2cffc0648a8929bdc51c70a311b2770f09611caa10d53",
                "sha256:d44607f98caa2961bab4fa3c4309724b185b464cdc3ba6f3d7340bac3ec97cc1",
                "sha256:d58ad6317d188c43750cb76e9deacf6051d0f884d87dc6518e0280438648a9ac",
                "sha256:d70129cef4a8d979caa37e7fe957202e7eee8ea02c5e16455bc9808a59c6b2f0",
                "sha256:d85164315bd68c0806768dc6bb0429c6f95c354f87485ee3593c4f6b14def2bd",
                "sha256:d960de62227635d2e61068f42a6cb6aae91a7fe00fca0e3aeed17667c8a34611",
                "sha256:dc48b479d540770c811fbd1eb9ba2bb66951863e448efec2e2c102625328e92f",
                "sha256:e1735502458621921cee039c47318cb90b51d532c2766593be6207eec53e5c4c",
                "sha256:e2be6e9dd4111d5b31ba3b74d17da54a8319d8168890fbaea4b9e5c3de630ae5",
                "sha256:e4c39ad2f512b4041343ea3c7894339e4ca7839ac38ca83d68a832fc8b3748ab",
                "sha256:ed402d6153c5d519a0faf1bb69898e97fb31613b49da27a84a13935ea9164dfc",
                "sha256:ee17cd26b97d537af8f33635ef38be873073d516fd425e80559f4585a7b90c43",
                "sha256:f3027be483868c99b4985fda802a57a67fdf30c5d9a50338d9db646d590198da",
                "sha256:f5bab211605d91db0e2995a17b5c6ee5edec1270e46223e513eaa20da20076ac",
                "sha256:f6f8e3fecca256fefc91bb6765a693d96692459d7d4c644660a9fff32e517843",
                "sha256:f7afbfee1157e0f9376c00bb232e80a60e59ed716e3211a80cb8506550671e6e",
                "sha256:fa242ac1ff583e4ec7771141606aafc92b361cd90a05c30d93e343a0c2d82a89",
                "sha256:fab6ce90574645a0d6c58890e9bcaac8d94dff54fb51c69e5522a7358b80ab64"
            ],
            "markers": "python_version >= '3.8'",
            "version": "==0.18.1"
        },
        "ruamel.yaml": {
            "hashes": [
                "sha256:6024b986f06765d482b5b07e086cc4b4cd05dd22ddcbc758fa23d54873cf313d",
                "sha256:b16b6c3816dff0a93dca12acf5e70afd089fa5acb80604afd1ffa8b465b7722c"
            ],
            "markers": "python_version >= '3'",
            "version": "==0.17.40"
        },
        "ruamel.yaml.clib": {
            "hashes": [
                "sha256:024cfe1fc7c7f4e1aff4a81e718109e13409767e4f871443cbff3dba3578203d",
                "sha256:03d1162b6d1df1caa3a4bd27aa51ce17c9afc2046c31b0ad60a0a96ec22f8001",
                "sha256:07238db9cbdf8fc1e9de2489a4f68474e70dffcb32232db7c08fa61ca0c7c462",
                "sha256:09b055c05697b38ecacb7ac50bdab2240bfca1a0c4872b0fd309bb07dc9aa3a9",
                "sha256:1707814f0d9791df063f8c19bb51b0d1278b8e9a2353abbb676c2f685dee6afe",
                "sha256:1758ce7d8e1a29d23de54a16ae867abd370f01b5a69e1a3ba75223eaa3ca1a1b",
                "sha256:184565012b60405d93838167f425713180b949e9d8dd0bbc7b49f074407c5a8b",
                "sha256:1b617618914cb00bf5c34d4357c37aa15183fa229b24767259657746c9077615",
                "sha256:1dc67314e7e1086c9fdf2680b7b6c2be1c0d8e3a8279f2e993ca2a7545fecf62",
                "sha256:25ac8c08322002b06fa1d49d1646181f0b2c72f5cbc15a85e80b4c30a544bb15",
                "sha256:25c515e350e5b739842fc3228d662413ef28f295791af5e5110b543cf0b57d9b",
                "sha256:305889baa4043a09e5b76f8e2a51d4ffba44259f6b4c72dec8ca56207d9c6fe1",
                "sha256:3213ece08ea033eb159ac52ae052a4899b56ecc124bb80020d9bbceeb50258e9",
                "sha256:3f215c5daf6a9d7bbed4a0a4f760f3113b10e82ff4c5c44bec20a68c8014f675",
                "sha256:46d378daaac94f454b3a0e3d8d78cafd78a026b1d71443f4966c696b48a6d899",
                "sha256:4ecbf9c3e19f9562c7fdd462e8d18dd902a47ca046a2e64dba80699f0b6c09b7",
                "sha256:53a300ed9cea38cf5a2a9b069058137c2ca1ce658a874b79baceb8f892f915a7",
                "sha256:56f4252222c067b4ce51ae12cbac231bce32aee1d33fbfc9d17e5b8d6966c312",
                "sha256:5c365d91c88390c8d0a8545df0b5857172824b1c604e867161e6b3d59a827eaa",
                "sha256:700e4ebb569e59e16a976857c8798aee258dceac7c7d6b50cab63e080058df91",
                "sha256:75e1ed13e1f9de23c5607fe6bd1aeaae21e523b32d83bb33918245361e9cc51b",
                "sha256:77159f5d5b5c14f7c34073862a6b7d34944075d9f93e681638f6d753606c6ce6",
                "sha256:7f67a1ee819dc4562d444bbafb135832b0b909f81cc90f7aa00260968c9ca1b3",
                "sha256:840f0c7f194986a63d2c2465ca63af8ccbbc90ab1c6001b1978f05119b5e7334",
                "sha256:84b554931e932c46f94ab306913ad7e11bba988104c5cff26d90d03f68258cd5",
                "sha256:87ea5ff66d8064301a154b3933ae406b0863402a799b16e4a1d24d9fbbcbe0d3",
                "sha256:955eae71ac26c1ab35924203fda6220f84dce57d6d7884f189743e2abe3a9fbe",
                "sha256:a1a45e0bb052edf6a1d3a93baef85319733a888363938e1fc9924cb00c8df24c",
                "sha256:a5aa27bad2bb83670b71683aae140a1f52b0857a2deff56ad3f6c13a017a26ed",
                "sha256:a6a9ffd280b71ad062eae53ac1659ad86a17f59a0fdc7699fd9be40525153337",
                "sha256:a75879bacf2c987c003368cf14bed0ffe99e8e85acfa6c0bfffc21a090f16880",
                "sha256:aa2267c6a303eb483de8d02db2871afb5c5fc15618d894300b88958f729ad74f",
                "sha256:aab7fd643f71d7946f2ee58cc88c9b7bfc97debd71dcc93e03e2d174628e7e2d",
                "sha256:b16420e621d26fdfa949a8b4b47ade8810c56002f5389970db4ddda51dbff248",
                "sha256:b42169467c42b692c19cf539c38d4602069d8c1505e97b86387fcf7afb766e1d",
                "sha256:bba64af9fa9cebe325a62fa398760f5c7206b215201b0ec825005f1b18b9bccf",
                "sha256:beb2e0404003de9a4cab9753a8805a8fe9320ee6673136ed7f04255fe60bb512",
                "sha256:bef08cd86169d9eafb3ccb0a39edb11d8e25f3dae2b28f5c52fd997521133069",
                "sha256:c2a72e9109ea74e511e29032f3b670835f8a59bbdc9ce692c5b4ed91ccf1eedb",
                "sha256:c58ecd827313af6864893e7af0a3bb85fd529f862b6adbefe14643947cfe2942",
                "sha256:c69212f63169ec1cfc9bb44723bf2917cbbd8f6191a00ef3410f5a7fe300722d",
                "sha256:cabddb8d8ead485e255fe80429f833172b4cadf99274db39abc080e068cbcc31",
                "sha256:d176b57452ab5b7028ac47e7b3cf644bcfdc8cacfecf7e71759f7f51a59e5c92",
                "sha256:da09ad1c359a728e112d60116f626cc9f29730ff3e0e7db72b9a2dbc2e4beed5",
                "sha256:e2b4c44b60eadec492926a7270abb100ef9f72798e18743939bdbf037aab8c28",
                "sha256:e79e5db08739731b0ce4850bed599235d601701d5694c36570a99a0c5ca41a9d",
                "sha256:ebc06178e8821efc9692ea7544aa5644217358490145629914d8020042c24aa1",
                "sha256:edaef1c1200c4b4cb914583150dcaa3bc30e592e907c01117c08b13a07255ec2",
                "sha256:f481f16baec5290e45aebdc2a5168ebc6d35189ae6fea7a58787613a25f6e875",
                "sha256:fff3573c2db359f091e1589c3d7c5fc2f86f5bdb6f24252c2d8e539d4e45f412"
            ],
            "markers": "platform_python_implementation == 'CPython' and python_version < '3.13'",
            "version": "==0.2.8"
        },
        "six": {
            "hashes": [
                "sha256:1e61c37477a1626458e36f7b1d82aa5c9b094fa4802892072e49de9c60c4c926",
                "sha256:8abb2f1d86890a2dfb989f9a77cfcfd3e47c2a354b01111771326f8aa26e0254"
            ],
            "markers": "python_version >= '2.7' and python_version not in '3.0, 3.1, 3.2'",
            "version": "==1.16.0"
        },
        "soupsieve": {
            "hashes": [
                "sha256:5663d5a7b3bfaeee0bc4372e7fc48f9cff4940b3eec54a6451cc5299f1097690",
                "sha256:eaa337ff55a1579b6549dc679565eac1e3d000563bcb1c8ab0d0fefbc0c2cdc7"
            ],
            "markers": "python_version >= '3.8'",
            "version": "==2.5"
        },
        "tinycss2": {
            "hashes": [
                "sha256:152f9acabd296a8375fbca5b84c961ff95971fcfc32e79550c8df8e29118c54d",
                "sha256:54a8dbdffb334d536851be0226030e9505965bb2f30f21a4a82c55fb2a80fae7"
            ],
            "markers": "python_version >= '3.8'",
            "version": "==1.3.0"
        },
        "tornado": {
            "hashes": [
                "sha256:02ccefc7d8211e5a7f9e8bc3f9e5b0ad6262ba2fbb683a6443ecc804e5224ce0",
                "sha256:10aeaa8006333433da48dec9fe417877f8bcc21f48dda8d661ae79da357b2a63",
                "sha256:27787de946a9cffd63ce5814c33f734c627a87072ec7eed71f7fc4417bb16263",
                "sha256:6f8a6c77900f5ae93d8b4ae1196472d0ccc2775cc1dfdc9e7727889145c45052",
                "sha256:71ddfc23a0e03ef2df1c1397d859868d158c8276a0603b96cf86892bff58149f",
                "sha256:72291fa6e6bc84e626589f1c29d90a5a6d593ef5ae68052ee2ef000dfd273dee",
                "sha256:88b84956273fbd73420e6d4b8d5ccbe913c65d31351b4c004ae362eba06e1f78",
                "sha256:e43bc2e5370a6a8e413e1e1cd0c91bedc5bd62a74a532371042a18ef19e10579",
                "sha256:f0251554cdd50b4b44362f73ad5ba7126fc5b2c2895cc62b14a1c2d7ea32f212",
                "sha256:f7894c581ecdcf91666a0912f18ce5e757213999e183ebfc2c3fdbf4d5bd764e",
                "sha256:fd03192e287fbd0899dd8f81c6fb9cbbc69194d2074b38f384cb6fa72b80e9c2"
            ],
            "markers": "python_version >= '3.8'",
            "version": "==6.4"
        },
        "traitlets": {
            "hashes": [
                "sha256:9ed0579d3502c94b4b3732ac120375cda96f923114522847de4b3bb98b96b6b7",
                "sha256:b74e89e397b1ed28cc831db7aea759ba6640cb3de13090ca145426688ff1ac4f"
            ],
            "markers": "python_version >= '3.8'",
            "version": "==5.14.3"
        },
        "webencodings": {
            "hashes": [
                "sha256:a0af1213f3c2226497a97e2b3aa01a7e4bee4f403f95be16fc9acd2947514a78",
                "sha256:b36a1c245f2d304965eb4e0a82848379241dc04b865afcc4aab16748587e1923"
            ],
            "version": "==0.5.1"
        }
    },
    "develop": {}
}
